
Microsoft Visual Studio Solution File, Format Version 12.00
# Visual Studio Version 17
VisualStudioVersion = 17.10.35201.131
MinimumVisualStudioVersion = 10.0.40219.1
Project("{2150E333-8FDC-42A3-9474-1A3956D46DE8}") = "Frontend", "Frontend", "{7744998F-C7C3-4494-B47E-908ACCAA068E}"
EndProject
Project("{2150E333-8FDC-42A3-9474-1A3956D46DE8}") = "Services", "Services", "{13B66D62-0703-4AA8-900E-5E6EAB65F988}"
EndProject
Project("{2150E333-8FDC-42A3-9474-1A3956D46DE8}") = "Intergation", "Intergation", "{15AF8C33-D5F3-4642-B060-C6844D6AAE41}"
EndProject
Project("{2150E333-8FDC-42A3-9474-1A3956D46DE8}") = "Gateway", "Gateway", "{73945BB6-7679-4B12-A1B9-B08AC0969454}"
EndProject
Project("{9A19103F-16F7-4668-BE54-9A1E7A4F7556}") = "FoodService.Services.CouponAPI", "FoodService.Services.CouponAPI\FoodService.Services.CouponAPI.csproj", "{0A19F8EC-79C8-4C2D-B81C-A5AB8E2550F0}"
EndProject
Project("{9A19103F-16F7-4668-BE54-9A1E7A4F7556}") = "FoodService.Web", "FoodService.Web\FoodService.Web.csproj", "{E286F44D-FFA8-4790-A98C-72532C7C1FB6}"
EndProject
Project("{9A19103F-16F7-4668-BE54-9A1E7A4F7556}") = "FoodService.Services.AuthAPI", "FoodService.Services.AuthAPI\FoodService.Services.AuthAPI.csproj", "{4AAA6BB3-93E8-4071-8C94-895D35116E8A}"
EndProject
Project("{9A19103F-16F7-4668-BE54-9A1E7A4F7556}") = "FoodService.Services.ProductAPI", "FoodService.Services.ProductAPI\FoodService.Services.ProductAPI.csproj", "{4773BD6D-535E-47EC-A87E-DD9D630A03F0}"
EndProject
Project("{FAE04EC0-301F-11D3-BF4B-00C04F79EFBC}") = "FoodService.Services.ShoppingCartAPI", "FoodService.Services.ShoppingCartAPI\FoodService.Services.ShoppingCartAPI.csproj", "{1D731FA2-3F46-4236-B04A-E7B4A1E35F4E}"
EndProject
Global
	GlobalSection(SolutionConfigurationPlatforms) = preSolution
		Debug|Any CPU = Debug|Any CPU
		Release|Any CPU = Release|Any CPU
	EndGlobalSection
	GlobalSection(ProjectConfigurationPlatforms) = postSolution
		{0A19F8EC-79C8-4C2D-B81C-A5AB8E2550F0}.Debug|Any CPU.ActiveCfg = Debug|Any CPU
		{0A19F8EC-79C8-4C2D-B81C-A5AB8E2550F0}.Debug|Any CPU.Build.0 = Debug|Any CPU
		{0A19F8EC-79C8-4C2D-B81C-A5AB8E2550F0}.Release|Any CPU.ActiveCfg = Release|Any CPU
		{0A19F8EC-79C8-4C2D-B81C-A5AB8E2550F0}.Release|Any CPU.Build.0 = Release|Any CPU
		{E286F44D-FFA8-4790-A98C-72532C7C1FB6}.Debug|Any CPU.ActiveCfg = Debug|Any CPU
		{E286F44D-FFA8-4790-A98C-72532C7C1FB6}.Debug|Any CPU.Build.0 = Debug|Any CPU
		{E286F44D-FFA8-4790-A98C-72532C7C1FB6}.Release|Any CPU.ActiveCfg = Release|Any CPU
		{E286F44D-FFA8-4790-A98C-72532C7C1FB6}.Release|Any CPU.Build.0 = Release|Any CPU
		{4AAA6BB3-93E8-4071-8C94-895D35116E8A}.Debug|Any CPU.ActiveCfg = Debug|Any CPU
		{4AAA6BB3-93E8-4071-8C94-895D35116E8A}.Debug|Any CPU.Build.0 = Debug|Any CPU
		{4AAA6BB3-93E8-4071-8C94-895D35116E8A}.Release|Any CPU.ActiveCfg = Release|Any CPU
		{4AAA6BB3-93E8-4071-8C94-895D35116E8A}.Release|Any CPU.Build.0 = Release|Any CPU
		{4773BD6D-535E-47EC-A87E-DD9D630A03F0}.Debug|Any CPU.ActiveCfg = Debug|Any CPU
		{4773BD6D-535E-47EC-A87E-DD9D630A03F0}.Debug|Any CPU.Build.0 = Debug|Any CPU
		{4773BD6D-535E-47EC-A87E-DD9D630A03F0}.Release|Any CPU.ActiveCfg = Release|Any CPU
		{4773BD6D-535E-47EC-A87E-DD9D630A03F0}.Release|Any CPU.Build.0 = Release|Any CPU
		{1D731FA2-3F46-4236-B04A-E7B4A1E35F4E}.Debug|Any CPU.ActiveCfg = Debug|Any CPU
		{1D731FA2-3F46-4236-B04A-E7B4A1E35F4E}.Debug|Any CPU.Build.0 = Debug|Any CPU
		{1D731FA2-3F46-4236-B04A-E7B4A1E35F4E}.Release|Any CPU.ActiveCfg = Release|Any CPU
		{1D731FA2-3F46-4236-B04A-E7B4A1E35F4E}.Release|Any CPU.Build.0 = Release|Any CPU
	EndGlobalSection
	GlobalSection(SolutionProperties) = preSolution
		HideSolutionNode = FALSE
	EndGlobalSection
	GlobalSection(NestedProjects) = preSolution
		{0A19F8EC-79C8-4C2D-B81C-A5AB8E2550F0} = {13B66D62-0703-4AA8-900E-5E6EAB65F988}
		{E286F44D-FFA8-4790-A98C-72532C7C1FB6} = {7744998F-C7C3-4494-B47E-908ACCAA068E}
		{4AAA6BB3-93E8-4071-8C94-895D35116E8A} = {13B66D62-0703-4AA8-900E-5E6EAB65F988}
		{4773BD6D-535E-47EC-A87E-DD9D630A03F0} = {13B66D62-0703-4AA8-900E-5E6EAB65F988}
		{1D731FA2-3F46-4236-B04A-E7B4A1E35F4E} = {13B66D62-0703-4AA8-900E-5E6EAB65F988}
	EndGlobalSection
	GlobalSection(ExtensibilityGlobals) = postSolution
		SolutionGuid = {080CF9B1-EE29-49EC-9C10-4F06D7747C9D}
	EndGlobalSection
EndGlobal
